
Microsoft Visual Studio Solution File, Format Version 12.00
# Visual Studio Version 17
VisualStudioVersion = 17.0.31903.59
MinimumVisualStudioVersion = 10.0.40219.1
Project("{2150E333-8FDC-42A3-9474-1A3956D46DE8}") = "src", "src", "{34914ECB-69D8-4B4E-A2AE-9BC43D43EE52}"
EndProject
Project("{9A19103F-16F7-4668-BE54-9A1E7A4F7556}") = "Benchmarks.Allocations", "src\Benchmarks.Allocations\Benchmarks.Allocations.csproj", "{BF96106D-EB81-4086-83CF-AAFADF9E3A90}"
EndProject
Global
	GlobalSection(SolutionConfigurationPlatforms) = preSolution
		Debug|Any CPU = Debug|Any CPU
		Release|Any CPU = Release|Any CPU
	EndGlobalSection
	GlobalSection(ProjectConfigurationPlatforms) = postSolution
		{BF96106D-EB81-4086-83CF-AAFADF9E3A90}.Debug|Any CPU.ActiveCfg = Debug|Any CPU
		{BF96106D-EB81-4086-83CF-AAFADF9E3A90}.Debug|Any CPU.Build.0 = Debug|Any CPU
		{BF96106D-EB81-4086-83CF-AAFADF9E3A90}.Release|Any CPU.ActiveCfg = Release|Any CPU
		{BF96106D-EB81-4086-83CF-AAFADF9E3A90}.Release|Any CPU.Build.0 = Release|Any CPU
	EndGlobalSection
	GlobalSection(SolutionProperties) = preSolution
		HideSolutionNode = FALSE
	EndGlobalSection
	GlobalSection(NestedProjects) = preSolution
		{BF96106D-EB81-4086-83CF-AAFADF9E3A90} = {34914ECB-69D8-4B4E-A2AE-9BC43D43EE52}
	EndGlobalSection
	GlobalSection(ExtensibilityGlobals) = postSolution
		SolutionGuid = {6FD72892-6663-4B02-A6B8-930B9DF2C2B7}
	EndGlobalSection
EndGlobal
